// !$*UTF8*$!
{
	archiveVersion = 1;
	classes = {
	};
	objectVersion = 50;
	objects = {

/* Begin PBXBuildFile section */
		49D07AB32458C3A6003C43DA /* CrudJonatas.swift in Sources */ = {isa = PBXBuildFile; fileRef = 49D07AB22458C3A6003C43DA /* CrudJonatas.swift */; };
		7B0B4EDE24575C1F00D5A87E /* AppDelegate.swift in Sources */ = {isa = PBXBuildFile; fileRef = 7B0B4EDD24575C1F00D5A87E /* AppDelegate.swift */; };
		7B0B4EE024575C1F00D5A87E /* SceneDelegate.swift in Sources */ = {isa = PBXBuildFile; fileRef = 7B0B4EDF24575C1F00D5A87E /* SceneDelegate.swift */; };
		7B0B4EE224575C1F00D5A87E /* ViewController.swift in Sources */ = {isa = PBXBuildFile; fileRef = 7B0B4EE124575C1F00D5A87E /* ViewController.swift */; };
		7B0B4EE524575C1F00D5A87E /* Main.storyboard in Resources */ = {isa = PBXBuildFile; fileRef = 7B0B4EE324575C1F00D5A87E /* Main.storyboard */; };
		7B0B4EE824575C1F00D5A87E /* ProjetoCloudKitJojo.xcdatamodeld in Sources */ = {isa = PBXBuildFile; fileRef = 7B0B4EE624575C1F00D5A87E /* ProjetoCloudKitJojo.xcdatamodeld */; };
		7B0B4EEA24575C2300D5A87E /* Assets.xcassets in Resources */ = {isa = PBXBuildFile; fileRef = 7B0B4EE924575C2300D5A87E /* Assets.xcassets */; };
		7B0B4EED24575C2300D5A87E /* LaunchScreen.storyboard in Resources */ = {isa = PBXBuildFile; fileRef = 7B0B4EEB24575C2300D5A87E /* LaunchScreen.storyboard */; };
		7B0B4EF724576BB800D5A87E /* CloudKit.framework in Frameworks */ = {isa = PBXBuildFile; fileRef = 7B0B4EF624576BB800D5A87E /* CloudKit.framework */; };
		7B0B4EF9245776BD00D5A87E /* Banco.swift in Sources */ = {isa = PBXBuildFile; fileRef = 7B0B4EF8245776BD00D5A87E /* Banco.swift */; };
/* End PBXBuildFile section */

/* Begin PBXFileReference section */
		49D07AB22458C3A6003C43DA /* CrudJonatas.swift */ = {isa = PBXFileReference; lastKnownFileType = sourcecode.swift; path = CrudJonatas.swift; sourceTree = "<group>"; };
		7B0B4EDA24575C1F00D5A87E /* ProjetoCloudKitJojo.app */ = {isa = PBXFileReference; explicitFileType = wrapper.application; includeInIndex = 0; path = ProjetoCloudKitJojo.app; sourceTree = BUILT_PRODUCTS_DIR; };
		7B0B4EDD24575C1F00D5A87E /* AppDelegate.swift */ = {isa = PBXFileReference; lastKnownFileType = sourcecode.swift; path = AppDelegate.swift; sourceTree = "<group>"; };
		7B0B4EDF24575C1F00D5A87E /* SceneDelegate.swift */ = {isa = PBXFileReference; lastKnownFileType = sourcecode.swift; path = SceneDelegate.swift; sourceTree = "<group>"; };
		7B0B4EE124575C1F00D5A87E /* ViewController.swift */ = {isa = PBXFileReference; lastKnownFileType = sourcecode.swift; path = ViewController.swift; sourceTree = "<group>"; };
		7B0B4EE424575C1F00D5A87E /* Base */ = {isa = PBXFileReference; lastKnownFileType = file.storyboard; name = Base; path = Base.lproj/Main.storyboard; sourceTree = "<group>"; };
		7B0B4EE724575C1F00D5A87E /* ProjetoCloudKitJojo.xcdatamodel */ = {isa = PBXFileReference; lastKnownFileType = wrapper.xcdatamodel; path = ProjetoCloudKitJojo.xcdatamodel; sourceTree = "<group>"; };
		7B0B4EE924575C2300D5A87E /* Assets.xcassets */ = {isa = PBXFileReference; lastKnownFileType = folder.assetcatalog; path = Assets.xcassets; sourceTree = "<group>"; };
		7B0B4EEC24575C2300D5A87E /* Base */ = {isa = PBXFileReference; lastKnownFileType = file.storyboard; name = Base; path = Base.lproj/LaunchScreen.storyboard; sourceTree = "<group>"; };
		7B0B4EEE24575C2300D5A87E /* Info.plist */ = {isa = PBXFileReference; lastKnownFileType = text.plist.xml; path = Info.plist; sourceTree = "<group>"; };
		7B0B4EF424576B9000D5A87E /* ProjetoCloudKitJojo.entitlements */ = {isa = PBXFileReference; lastKnownFileType = text.plist.entitlements; path = ProjetoCloudKitJojo.entitlements; sourceTree = "<group>"; };
		7B0B4EF624576BB800D5A87E /* CloudKit.framework */ = {isa = PBXFileReference; lastKnownFileType = wrapper.framework; name = CloudKit.framework; path = System/Library/Frameworks/CloudKit.framework; sourceTree = SDKROOT; };
		7B0B4EF8245776BD00D5A87E /* Banco.swift */ = {isa = PBXFileReference; lastKnownFileType = sourcecode.swift; path = Banco.swift; sourceTree = "<group>"; };
/* End PBXFileReference section */

/* Begin PBXFrameworksBuildPhase section */
		7B0B4ED724575C1F00D5A87E /* Frameworks */ = {
			isa = PBXFrameworksBuildPhase;
			buildActionMask = 2147483647;
			files = (
				7B0B4EF724576BB800D5A87E /* CloudKit.framework in Frameworks */,
			);
			runOnlyForDeploymentPostprocessing = 0;
		};
/* End PBXFrameworksBuildPhase section */

/* Begin PBXGroup section */
		7B0B4ED124575C1F00D5A87E = {
			isa = PBXGroup;
			children = (
				7B0B4EDC24575C1F00D5A87E /* ProjetoCloudKitJojo */,
				7B0B4EDB24575C1F00D5A87E /* Products */,
				7B0B4EF524576BB800D5A87E /* Frameworks */,
			);
			sourceTree = "<group>";
		};
		7B0B4EDB24575C1F00D5A87E /* Products */ = {
			isa = PBXGroup;
			children = (
				7B0B4EDA24575C1F00D5A87E /* ProjetoCloudKitJojo.app */,
			);
			name = Products;
			sourceTree = "<group>";
		};
		7B0B4EDC24575C1F00D5A87E /* ProjetoCloudKitJojo */ = {
			isa = PBXGroup;
			children = (
				7B0B4EF424576B9000D5A87E /* ProjetoCloudKitJojo.entitlements */,
				7B0B4EDD24575C1F00D5A87E /* AppDelegate.swift */,
				7B0B4EDF24575C1F00D5A87E /* SceneDelegate.swift */,
				7B0B4EE124575C1F00D5A87E /* ViewController.swift */,
				49D07AB22458C3A6003C43DA /* CrudJonatas.swift */,
				7B0B4EE324575C1F00D5A87E /* Main.storyboard */,
				7B0B4EE924575C2300D5A87E /* Assets.xcassets */,
				7B0B4EEB24575C2300D5A87E /* LaunchScreen.storyboard */,
				7B0B4EEE24575C2300D5A87E /* Info.plist */,
				7B0B4EE624575C1F00D5A87E /* ProjetoCloudKitJojo.xcdatamodeld */,
				7B0B4EF8245776BD00D5A87E /* Banco.swift */,
			);
			path = ProjetoCloudKitJojo;
			sourceTree = "<group>";
		};
		7B0B4EF524576BB800D5A87E /* Frameworks */ = {
			isa = PBXGroup;
			children = (
				7B0B4EF624576BB800D5A87E /* CloudKit.framework */,
			);
			name = Frameworks;
			sourceTree = "<group>";
		};
/* End PBXGroup section */

/* Begin PBXNativeTarget section */
		7B0B4ED924575C1F00D5A87E /* ProjetoCloudKitJojo */ = {
			isa = PBXNativeTarget;
			buildConfigurationList = 7B0B4EF124575C2300D5A87E /* Build configuration list for PBXNativeTarget "ProjetoCloudKitJojo" */;
			buildPhases = (
				7B0B4ED624575C1F00D5A87E /* Sources */,
				7B0B4ED724575C1F00D5A87E /* Frameworks */,
				7B0B4ED824575C1F00D5A87E /* Resources */,
			);
			buildRules = (
			);
			dependencies = (
			);
			name = ProjetoCloudKitJojo;
			productName = ProjetoCloudKitJojo;
			productReference = 7B0B4EDA24575C1F00D5A87E /* ProjetoCloudKitJojo.app */;
			productType = "com.apple.product-type.application";
		};
/* End PBXNativeTarget section */

/* Begin PBXProject section */
		7B0B4ED224575C1F00D5A87E /* Project object */ = {
			isa = PBXProject;
			attributes = {
				LastSwiftUpdateCheck = 1140;
				LastUpgradeCheck = 1140;
				ORGANIZATIONNAME = Ferraz;
				TargetAttributes = {
					7B0B4ED924575C1F00D5A87E = {
						CreatedOnToolsVersion = 11.4.1;
					};
				};
			};
			buildConfigurationList = 7B0B4ED524575C1F00D5A87E /* Build configuration list for PBXProject "ProjetoCloudKitJojo" */;
			compatibilityVersion = "Xcode 9.3";
			developmentRegion = en;
			hasScannedForEncodings = 0;
			knownRegions = (
				en,
				Base,
			);
			mainGroup = 7B0B4ED124575C1F00D5A87E;
			productRefGroup = 7B0B4EDB24575C1F00D5A87E /* Products */;
			projectDirPath = "";
			projectRoot = "";
			targets = (
				7B0B4ED924575C1F00D5A87E /* ProjetoCloudKitJojo */,
			);
		};
/* End PBXProject section */

/* Begin PBXResourcesBuildPhase section */
		7B0B4ED824575C1F00D5A87E /* Resources */ = {
			isa = PBXResourcesBuildPhase;
			buildActionMask = 2147483647;
			files = (
				7B0B4EED24575C2300D5A87E /* LaunchScreen.storyboard in Resources */,
				7B0B4EEA24575C2300D5A87E /* Assets.xcassets in Resources */,
				7B0B4EE524575C1F00D5A87E /* Main.storyboard in Resources */,
			);
			runOnlyForDeploymentPostprocessing = 0;
		};
/* End PBXResourcesBuildPhase section */

/* Begin PBXSourcesBuildPhase section */
		7B0B4ED624575C1F00D5A87E /* Sources */ = {
			isa = PBXSourcesBuildPhase;
			buildActionMask = 2147483647;
			files = (
				7B0B4EE824575C1F00D5A87E /* ProjetoCloudKitJojo.xcdatamodeld in Sources */,
				7B0B4EE224575C1F00D5A87E /* ViewController.swift in Sources */,
				49D07AB32458C3A6003C43DA /* CrudJonatas.swift in Sources */,
				7B0B4EDE24575C1F00D5A87E /* AppDelegate.swift in Sources */,
				7B0B4EE024575C1F00D5A87E /* SceneDelegate.swift in Sources */,
				7B0B4EF9245776BD00D5A87E /* Banco.swift in Sources */,
			);
			runOnlyForDeploymentPostprocessing = 0;
		};
/* End PBXSourcesBuildPhase section */

/* Begin PBXVariantGroup section */
		7B0B4EE324575C1F00D5A87E /* Main.storyboard */ = {
			isa = PBXVariantGroup;
			children = (
				7B0B4EE424575C1F00D5A87E /* Base */,
			);
			name = Main.storyboard;
			sourceTree = "<group>";
		};
		7B0B4EEB24575C2300D5A87E /* LaunchScreen.storyboard */ = {
			isa = PBXVariantGroup;
			children = (
				7B0B4EEC24575C2300D5A87E /* Base */,
			);
			name = LaunchScreen.storyboard;
			sourceTree = "<group>";
		};
/* End PBXVariantGroup section */

/* Begin XCBuildConfiguration section */
		7B0B4EEF24575C2300D5A87E /* Debug */ = {
			isa = XCBuildConfiguration;
			buildSettings = {
				ALWAYS_SEARCH_USER_PATHS = NO;
				CLANG_ANALYZER_NONNULL = YES;
				CLANG_ANALYZER_NUMBER_OBJECT_CONVERSION = YES_AGGRESSIVE;
				CLANG_CXX_LANGUAGE_STANDARD = "gnu++14";
				CLANG_CXX_LIBRARY = "libc++";
				CLANG_ENABLE_MODULES = YES;
				CLANG_ENABLE_OBJC_ARC = YES;
				CLANG_ENABLE_OBJC_WEAK = YES;
				CLANG_WARN_BLOCK_CAPTURE_AUTORELEASING = YES;
				CLANG_WARN_BOOL_CONVERSION = YES;
				CLANG_WARN_COMMA = YES;
				CLANG_WARN_CONSTANT_CONVERSION = YES;
				CLANG_WARN_DEPRECATED_OBJC_IMPLEMENTATIONS = YES;
				CLANG_WARN_DIRECT_OBJC_ISA_USAGE = YES_ERROR;
				CLANG_WARN_DOCUMENTATION_COMMENTS = YES;
				CLANG_WARN_EMPTY_BODY = YES;
				CLANG_WARN_ENUM_CONVERSION = YES;
				CLANG_WARN_INFINITE_RECURSION = YES;
				CLANG_WARN_INT_CONVERSION = YES;
				CLANG_WARN_NON_LITERAL_NULL_CONVERSION = YES;
				CLANG_WARN_OBJC_IMPLICIT_RETAIN_SELF = YES;
				CLANG_WARN_OBJC_LITERAL_CONVERSION = YES;
				CLANG_WARN_OBJC_ROOT_CLASS = YES_ERROR;
				CLANG_WARN_RANGE_LOOP_ANALYSIS = YES;
				CLANG_WARN_STRICT_PROTOTYPES = YES;
				CLANG_WARN_SUSPICIOUS_MOVE = YES;
				CLANG_WARN_UNGUARDED_AVAILABILITY = YES_AGGRESSIVE;
				CLANG_WARN_UNREACHABLE_CODE = YES;
				CLANG_WARN__DUPLICATE_METHOD_MATCH = YES;
				COPY_PHASE_STRIP = NO;
				DEBUG_INFORMATION_FORMAT = dwarf;
				ENABLE_STRICT_OBJC_MSGSEND = YES;
				ENABLE_TESTABILITY = YES;
				GCC_C_LANGUAGE_STANDARD = gnu11;
				GCC_DYNAMIC_NO_PIC = NO;
				GCC_NO_COMMON_BLOCKS = YES;
				GCC_OPTIMIZATION_LEVEL = 0;
				GCC_PREPROCESSOR_DEFINITIONS = (
					"DEBUG=1",
					"$(inherited)",
				);
				GCC_WARN_64_TO_32_BIT_CONVERSION = YES;
				GCC_WARN_ABOUT_RETURN_TYPE = YES_ERROR;
				GCC_WARN_UNDECLARED_SELECTOR = YES;
				GCC_WARN_UNINITIALIZED_AUTOS = YES_AGGRESSIVE;
				GCC_WARN_UNUSED_FUNCTION = YES;
				GCC_WARN_UNUSED_VARIABLE = YES;
				IPHONEOS_DEPLOYMENT_TARGET = 13.4;
				MTL_ENABLE_DEBUG_INFO = INCLUDE_SOURCE;
				MTL_FAST_MATH = YES;
				ONLY_ACTIVE_ARCH = YES;
				SDKROOT = iphoneos;
				SWIFT_ACTIVE_COMPILATION_CONDITIONS = DEBUG;
				SWIFT_OPTIMIZATION_LEVEL = "-Onone";
			};
			name = Debug;
		};
		7B0B4EF024575C2300D5A87E /* Release */ = {
			isa = XCBuildConfiguration;
			buildSettings = {
				ALWAYS_SEARCH_USER_PATHS = NO;
				CLANG_ANALYZER_NONNULL = YES;
				CLANG_ANALYZER_NUMBER_OBJECT_CONVERSION = YES_AGGRESSIVE;
				CLANG_CXX_LANGUAGE_STANDARD = "gnu++14";
				CLANG_CXX_LIBRARY = "libc++";
				CLANG_ENABLE_MODULES = YES;
				CLANG_ENABLE_OBJC_ARC = YES;
				CLANG_ENABLE_OBJC_WEAK = YES;
				CLANG_WARN_BLOCK_CAPTURE_AUTORELEASING = YES;
				CLANG_WARN_BOOL_CONVERSION = YES;
				CLANG_WARN_COMMA = YES;
				CLANG_WARN_CONSTANT_CONVERSION = YES;
				CLANG_WARN_DEPRECATED_OBJC_IMPLEMENTATIONS = YES;
				CLANG_WARN_DIRECT_OBJC_ISA_USAGE = YES_ERROR;
				CLANG_WARN_DOCUMENTATION_COMMENTS = YES;
				CLANG_WARN_EMPTY_BODY = YES;
				CLANG_WARN_ENUM_CONVERSION = YES;
				CLANG_WARN_INFINITE_RECURSION = YES;
				CLANG_WARN_INT_CONVERSION = YES;
				CLANG_WARN_NON_LITERAL_NULL_CONVERSION = YES;
				CLANG_WARN_OBJC_IMPLICIT_RETAIN_SELF = YES;
				CLANG_WARN_OBJC_LITERAL_CONVERSION = YES;
				CLANG_WARN_OBJC_ROOT_CLASS = YES_ERROR;
				CLANG_WARN_RANGE_LOOP_ANALYSIS = YES;
				CLANG_WARN_STRICT_PROTOTYPES = YES;
				CLANG_WARN_SUSPICIOUS_MOVE = YES;
				CLANG_WARN_UNGUARDED_AVAILABILITY = YES_AGGRESSIVE;
				CLANG_WARN_UNREACHABLE_CODE = YES;
				CLANG_WARN__DUPLICATE_METHOD_MATCH = YES;
				COPY_PHASE_STRIP = NO;
				DEBUG_INFORMATION_FORMAT = "dwarf-with-dsym";
				ENABLE_NS_ASSERTIONS = NO;
				ENABLE_STRICT_OBJC_MSGSEND = YES;
				GCC_C_LANGUAGE_STANDARD = gnu11;
				GCC_NO_COMMON_BLOCKS = YES;
				GCC_WARN_64_TO_32_BIT_CONVERSION = YES;
				GCC_WARN_ABOUT_RETURN_TYPE = YES_ERROR;
				GCC_WARN_UNDECLARED_SELECTOR = YES;
				GCC_WARN_UNINITIALIZED_AUTOS = YES_AGGRESSIVE;
				GCC_WARN_UNUSED_FUNCTION = YES;
				GCC_WARN_UNUSED_VARIABLE = YES;
				IPHONEOS_DEPLOYMENT_TARGET = 13.4;
				MTL_ENABLE_DEBUG_INFO = NO;
				MTL_FAST_MATH = YES;
				SDKROOT = iphoneos;
				SWIFT_COMPILATION_MODE = wholemodule;
				SWIFT_OPTIMIZATION_LEVEL = "-O";
				VALIDATE_PRODUCT = YES;
			};
			name = Release;
		};
		7B0B4EF224575C2300D5A87E /* Debug */ = {
			isa = XCBuildConfiguration;
			buildSettings = {
				ASSETCATALOG_COMPILER_APPICON_NAME = AppIcon;
				CODE_SIGN_ENTITLEMENTS = ProjetoCloudKitJojo/ProjetoCloudKitJojo.entitlements;
				CODE_SIGN_STYLE = Automatic;
				DEVELOPMENT_TEAM = Q6B7N567Z6;
				INFOPLIST_FILE = ProjetoCloudKitJojo/Info.plist;
				LD_RUNPATH_SEARCH_PATHS = (
					"$(inherited)",
					"@executable_path/Frameworks",
				);
				PRODUCT_BUNDLE_IDENTIFIER = team.ProjetoCloudKitJojo;
				PRODUCT_NAME = "$(TARGET_NAME)";
				SWIFT_VERSION = 5.0;
				TARGETED_DEVICE_FAMILY = "1,2";
			};
			name = Debug;
		};
		7B0B4EF324575C2300D5A87E /* Release */ = {
			isa = XCBuildConfiguration;
			buildSettings = {
				ASSETCATALOG_COMPILER_APPICON_NAME = AppIcon;
				CODE_SIGN_ENTITLEMENTS = ProjetoCloudKitJojo/ProjetoCloudKitJojo.entitlements;
				CODE_SIGN_STYLE = Automatic;
				DEVELOPMENT_TEAM = Q6B7N567Z6;
				INFOPLIST_FILE = ProjetoCloudKitJojo/Info.plist;
				LD_RUNPATH_SEARCH_PATHS = (
					"$(inherited)",
					"@executable_path/Frameworks",
				);
				PRODUCT_BUNDLE_IDENTIFIER = team.ProjetoCloudKitJojo;
				PRODUCT_NAME = "$(TARGET_NAME)";
				SWIFT_VERSION = 5.0;
				TARGETED_DEVICE_FAMILY = "1,2";
			};
			name = Release;
		};
/* End XCBuildConfiguration section */

/* Begin XCConfigurationList section */
		7B0B4ED524575C1F00D5A87E /* Build configuration list for PBXProject "ProjetoCloudKitJojo" */ = {
			isa = XCConfigurationList;
			buildConfigurations = (
				7B0B4EEF24575C2300D5A87E /* Debug */,
				7B0B4EF024575C2300D5A87E /* Release */,
			);
			defaultConfigurationIsVisible = 0;
			defaultConfigurationName = Release;
		};
		7B0B4EF124575C2300D5A87E /* Build configuration list for PBXNativeTarget "ProjetoCloudKitJojo" */ = {
			isa = XCConfigurationList;
			buildConfigurations = (
				7B0B4EF224575C2300D5A87E /* Debug */,
				7B0B4EF324575C2300D5A87E /* Release */,
			);
			defaultConfigurationIsVisible = 0;
			defaultConfigurationName = Release;
		};
/* End XCConfigurationList section */

/* Begin XCVersionGroup section */
		7B0B4EE624575C1F00D5A87E /* ProjetoCloudKitJojo.xcdatamodeld */ = {
			isa = XCVersionGroup;
			children = (
				7B0B4EE724575C1F00D5A87E /* ProjetoCloudKitJojo.xcdatamodel */,
			);
			currentVersion = 7B0B4EE724575C1F00D5A87E /* ProjetoCloudKitJojo.xcdatamodel */;
			path = ProjetoCloudKitJojo.xcdatamodeld;
			sourceTree = "<group>";
			versionGroupType = wrapper.xcdatamodel;
		};
/* End XCVersionGroup section */
	};
	rootObject = 7B0B4ED224575C1F00D5A87E /* Project object */;
}
